<Solution>
  <Project Path="docker-compose.dcproj">
    <Build />
  </Project>
  <Project Path="vivcord.client/vivcord.client.esproj">
    <Build />
    <Deploy />
  </Project>
  <Project Path="Vivcord.Server/Vivcord.Server.csproj" />
  <Project Path="Vivcord.xUnit/Vivcord.xUnit.csproj" Id="25f51e1f-1f1e-4384-879f-d0c675c62651" />
</Solution>
